{
  "name": "biblio-ajs-3.2",
  "version": "1.0.0",
  "lockfileVersion": 3,
  "requires": true,
  "packages": {
    "": {
      "name": "biblio-ajs-3.2",
      "version": "1.0.0",
      "license": "ISC",
      "dependencies": {
        "@alexremar/biblio-ajs-3.1": "^1.0.0"
      }
    },
    "node_modules/@alexremar/biblio-ajs-3.1": {
      "version": "1.0.0",
      "resolved": "https://npm.pkg.github.com/download/@alexremar/biblio-ajs-3.1/1.0.0/1887c46638283ea9b356723262d8f9afc3390cad",
      "integrity": "sha512-83icqeXZmqeqZtncZ5XBLysDGTy1mlDhHvfnBzrl88dPWtZIp7wJVWnB+8SzILhUoiQDFISP8OyLwlGo1/aHZg==",
      "license": "ISC"
    }
  }
}
